# THIS IS AN AUTOGENERATED FILE. DO NOT EDIT THIS FILE DIRECTLY.
# yarn lockfile v1


"@babylonjs/core@^6.0.0", "@babylonjs/core@^6.17.0":
  "integrity" "sha512-Zz+jahgnv8kfPVmslOPvt3Y5Zuvb6dFWGMF6FQ55fTXT7JDQkNqkGYNSOgU4fg3c7rlj7zsXrvM7XFbK3ljelg=="
  "resolved" "https://registry.npmjs.org/@babylonjs/core/-/core-6.17.0.tgz"
  "version" "6.17.0"

"@babylonjs/gui@^6.17.0":
  "integrity" "sha512-N5tqqj5LWUZLkKvVmrk0dxCzE5hTpCyyC/b/wASJzlkFbIsokm/LSTTyrWcSjIuzTo1fS+XYVEjW6kVVOxfZ7A=="
  "resolved" "https://registry.npmjs.org/@babylonjs/gui/-/gui-6.17.0.tgz"
  "version" "6.17.0"

"@babylonjs/loaders@^6.17.0":
  "integrity" "sha512-e55RhG5ubbzwJ7XzXEPfEBpOI7OpfjxgDAiwdXGy5UpWVCU4X9XBG0PPke1IM3NNt5dKRGY9GnPlAR+aI2zjCw=="
  "resolved" "https://registry.npmjs.org/@babylonjs/loaders/-/loaders-6.17.0.tgz"
  "version" "6.17.0"

"@babylonjs/materials@^6.17.0":
  "integrity" "sha512-XgnEWm/ZJiQJRS7B4q8RFhpGPSsol0uwAWjtZS72I2rEvbVeudFDJ0wN4vQkfVToVvQYWRv/MKhLVGPGHr4M5A=="
  "resolved" "https://registry.npmjs.org/@babylonjs/materials/-/materials-6.17.0.tgz"
  "version" "6.17.0"

"@esbuild/linux-x64@0.18.20":
  "integrity" "sha512-UYqiqemphJcNsFEskc73jQ7B9jgwjWrSayxawS6UVFZGWrAAtkzjxSqnoclCXxWtfwLdzU+vTpcNYhpn43uP1w=="
  "resolved" "https://registry.npmjs.org/@esbuild/linux-x64/-/linux-x64-0.18.20.tgz"
  "version" "0.18.20"

"babylonjs-gltf2interface@^6.0.0":
  "integrity" "sha512-AmWkhrMNbktbUwMXQVXoPheuU41CCNdCDizg2Yqu5kxIhQo/Iq5oR3LabjTXEX/3FSnANcSn/COM7yD74jBS8A=="
  "resolved" "https://registry.npmjs.org/babylonjs-gltf2interface/-/babylonjs-gltf2interface-6.17.0.tgz"
  "version" "6.17.0"

"esbuild@^0.18.10":
  "integrity" "sha512-ceqxoedUrcayh7Y7ZX6NdbbDzGROiyVBgC4PriJThBKSVPWnnFHZAkfI1lJT8QFkOwH4qOS2SJkS4wvpGl8BpA=="
  "resolved" "https://registry.npmjs.org/esbuild/-/esbuild-0.18.20.tgz"
  "version" "0.18.20"
  optionalDependencies:
    "@esbuild/android-arm" "0.18.20"
    "@esbuild/android-arm64" "0.18.20"
    "@esbuild/android-x64" "0.18.20"
    "@esbuild/darwin-arm64" "0.18.20"
    "@esbuild/darwin-x64" "0.18.20"
    "@esbuild/freebsd-arm64" "0.18.20"
    "@esbuild/freebsd-x64" "0.18.20"
    "@esbuild/linux-arm" "0.18.20"
    "@esbuild/linux-arm64" "0.18.20"
    "@esbuild/linux-ia32" "0.18.20"
    "@esbuild/linux-loong64" "0.18.20"
    "@esbuild/linux-mips64el" "0.18.20"
    "@esbuild/linux-ppc64" "0.18.20"
    "@esbuild/linux-riscv64" "0.18.20"
    "@esbuild/linux-s390x" "0.18.20"
    "@esbuild/linux-x64" "0.18.20"
    "@esbuild/netbsd-x64" "0.18.20"
    "@esbuild/openbsd-x64" "0.18.20"
    "@esbuild/sunos-x64" "0.18.20"
    "@esbuild/win32-arm64" "0.18.20"
    "@esbuild/win32-ia32" "0.18.20"
    "@esbuild/win32-x64" "0.18.20"

"nanoid@^3.3.6":
  "integrity" "sha512-BGcqMMJuToF7i1rt+2PWSNVnWIkGCU78jBG3RxO/bZlnZPK2Cmi2QaffxGO/2RvWi9sL+FAiRiXMgsyxQ1DIDA=="
  "resolved" "https://registry.npmjs.org/nanoid/-/nanoid-3.3.6.tgz"
  "version" "3.3.6"

"picocolors@^1.0.0":
  "integrity" "sha512-1fygroTLlHu66zi26VoTDv8yRgm0Fccecssto+MhsZ0D/DGW2sm8E8AjW7NU5VVTRt5GxbeZ5qBuJr+HyLYkjQ=="
  "resolved" "https://registry.npmjs.org/picocolors/-/picocolors-1.0.0.tgz"
  "version" "1.0.0"

"postcss@^8.4.27":
  "integrity" "sha512-Z7V5j0cq8oEKyejIKfpD8b4eBy9cwW2JWPk0+fB1HOAMsfHbnAXLLS+PfVWlzMSLQaWttKDt607I0XHmpE67Vw=="
  "resolved" "https://registry.npmjs.org/postcss/-/postcss-8.4.28.tgz"
  "version" "8.4.28"
  dependencies:
    "nanoid" "^3.3.6"
    "picocolors" "^1.0.0"
    "source-map-js" "^1.0.2"

"rollup@^3.27.1":
  "integrity" "sha512-d7zhvo1OUY2SXSM6pfNjgD5+d0Nz87CUp4mt8l/GgVP3oBsPwzNvSzyu1me6BSG9JIgWNTVcafIXBIyM8yQ3yw=="
  "resolved" "https://registry.npmjs.org/rollup/-/rollup-3.28.0.tgz"
  "version" "3.28.0"
  optionalDependencies:
    "fsevents" "~2.3.2"

"source-map-js@^1.0.2":
  "integrity" "sha512-R0XvVJ9WusLiqTCEiGCmICCMplcCkIwwR11mOSD9CR5u+IXYdiseeEuXCVAjS54zqwkLcPNnmU4OeJ6tUrWhDw=="
  "resolved" "https://registry.npmjs.org/source-map-js/-/source-map-js-1.0.2.tgz"
  "version" "1.0.2"

"typescript@^5.0.2":
  "integrity" "sha512-zaWCozRZ6DLEWAWFrVDz1H6FVXzUSfTy5FUMWsQlU8Ym5JP9eO4xkTIROFCQvhQf61z6O/G6ugw3SgAnvvm+HA=="
  "resolved" "https://registry.npmjs.org/typescript/-/typescript-5.1.6.tgz"
  "version" "5.1.6"

"vite@^4.4.5":
  "integrity" "sha512-2mbUn2LlUmNASWwSCNSJ/EG2HuSRTnVNaydp6vMCm5VIqJsjMfbIWtbH2kDuwUVW5mMUKKZvGPX/rqeqVvv1XA=="
  "resolved" "https://registry.npmjs.org/vite/-/vite-4.4.9.tgz"
  "version" "4.4.9"
  dependencies:
    "esbuild" "^0.18.10"
    "postcss" "^8.4.27"
    "rollup" "^3.27.1"
  optionalDependencies:
    "fsevents" "~2.3.2"
